// !$*UTF8*$!
{
	archiveVersion = 1;
	classes = {
	};
	objectVersion = 50;
	objects = {

/* Begin PBXBuildFile section */
		7A6FCA8C21372FC5009F5690 /* AppDelegate.swift in Sources */ = {isa = PBXBuildFile; fileRef = 7A6FCA8B21372FC5009F5690 /* AppDelegate.swift */; };
		7A6FCA8E21372FC5009F5690 /* PokedexiOSViewController.swift in Sources */ = {isa = PBXBuildFile; fileRef = 7A6FCA8D21372FC5009F5690 /* PokedexiOSViewController.swift */; };
		7A6FCA9121372FC5009F5690 /* Main.storyboard in Resources */ = {isa = PBXBuildFile; fileRef = 7A6FCA8F21372FC5009F5690 /* Main.storyboard */; };
		7A6FCA9321372FC6009F5690 /* Assets.xcassets in Resources */ = {isa = PBXBuildFile; fileRef = 7A6FCA9221372FC6009F5690 /* Assets.xcassets */; };
		7A6FCA9621372FC6009F5690 /* LaunchScreen.storyboard in Resources */ = {isa = PBXBuildFile; fileRef = 7A6FCA9421372FC6009F5690 /* LaunchScreen.storyboard */; };
		7A6FCAA521372FFC009F5690 /* AppDelegate.swift in Sources */ = {isa = PBXBuildFile; fileRef = 7A6FCAA421372FFC009F5690 /* AppDelegate.swift */; };
		7A6FCAA721372FFC009F5690 /* PokedexViewController.swift in Sources */ = {isa = PBXBuildFile; fileRef = 7A6FCAA621372FFC009F5690 /* PokedexViewController.swift */; };
		7A6FCAA921372FFD009F5690 /* Assets.xcassets in Resources */ = {isa = PBXBuildFile; fileRef = 7A6FCAA821372FFD009F5690 /* Assets.xcassets */; };
		7A6FCAAC21372FFD009F5690 /* Main.storyboard in Resources */ = {isa = PBXBuildFile; fileRef = 7A6FCAAA21372FFD009F5690 /* Main.storyboard */; };
		7A6FCABC2137327B009F5690 /* PokemonIVExtension.swift in Sources */ = {isa = PBXBuildFile; fileRef = 7A6FCAB52137327B009F5690 /* PokemonIVExtension.swift */; };
		7A6FCABD2137327B009F5690 /* Pokedex.xcdatamodeld in Sources */ = {isa = PBXBuildFile; fileRef = 7A6FCAB62137327B009F5690 /* Pokedex.xcdatamodeld */; };
		7A6FCABE2137327B009F5690 /* PokemonSpeciesExtension.swift in Sources */ = {isa = PBXBuildFile; fileRef = 7A6FCAB82137327B009F5690 /* PokemonSpeciesExtension.swift */; };
		7A6FCABF2137327B009F5690 /* TeamPokemonExtension.swift in Sources */ = {isa = PBXBuildFile; fileRef = 7A6FCAB92137327B009F5690 /* TeamPokemonExtension.swift */; };
		7A6FCAC02137327B009F5690 /* PokemonExtension.swift in Sources */ = {isa = PBXBuildFile; fileRef = 7A6FCABA2137327B009F5690 /* PokemonExtension.swift */; };
		7A6FCAC12137327B009F5690 /* StatExtension.swift in Sources */ = {isa = PBXBuildFile; fileRef = 7A6FCABB2137327B009F5690 /* StatExtension.swift */; };
		7A6FCAC4213732E0009F5690 /* String Extension.swift in Sources */ = {isa = PBXBuildFile; fileRef = 7A6FCAC3213732E0009F5690 /* String Extension.swift */; };
		7A6FCAC621373F65009F5690 /* CoreDataManager.swift in Sources */ = {isa = PBXBuildFile; fileRef = 7A6FCAC521373F65009F5690 /* CoreDataManager.swift */; };
		7A6FCAC82137420A009F5690 /* Entity.swift in Sources */ = {isa = PBXBuildFile; fileRef = 7A6FCAC72137420A009F5690 /* Entity.swift */; };
		7A6FCAC921374234009F5690 /* Entity.swift in Sources */ = {isa = PBXBuildFile; fileRef = 7A6FCAC72137420A009F5690 /* Entity.swift */; };
		7A6FCACA21374237009F5690 /* CoreDataManager.swift in Sources */ = {isa = PBXBuildFile; fileRef = 7A6FCAC521373F65009F5690 /* CoreDataManager.swift */; };
		7A6FCACB2137423A009F5690 /* PokemonExtension.swift in Sources */ = {isa = PBXBuildFile; fileRef = 7A6FCABA2137327B009F5690 /* PokemonExtension.swift */; };
		7A6FCACC2137423E009F5690 /* Pokedex.xcdatamodeld in Sources */ = {isa = PBXBuildFile; fileRef = 7A6FCAB62137327B009F5690 /* Pokedex.xcdatamodeld */; };
		7A6FCACD21374248009F5690 /* PokemonIVExtension.swift in Sources */ = {isa = PBXBuildFile; fileRef = 7A6FCAB52137327B009F5690 /* PokemonIVExtension.swift */; };
		7A6FCACE2137424C009F5690 /* PokemonSpeciesExtension.swift in Sources */ = {isa = PBXBuildFile; fileRef = 7A6FCAB82137327B009F5690 /* PokemonSpeciesExtension.swift */; };
		7A6FCACF21374252009F5690 /* StatExtension.swift in Sources */ = {isa = PBXBuildFile; fileRef = 7A6FCABB2137327B009F5690 /* StatExtension.swift */; };
		7A6FCAD02137425B009F5690 /* TeamPokemonExtension.swift in Sources */ = {isa = PBXBuildFile; fileRef = 7A6FCAB92137327B009F5690 /* TeamPokemonExtension.swift */; };
		7A6FCAD121374268009F5690 /* String Extension.swift in Sources */ = {isa = PBXBuildFile; fileRef = 7A6FCAC3213732E0009F5690 /* String Extension.swift */; };
		7A6FCAD32137433E009F5690 /* URLSessionExtension.swift in Sources */ = {isa = PBXBuildFile; fileRef = 7A6FCAD22137433E009F5690 /* URLSessionExtension.swift */; };
		7A6FCAD421374342009F5690 /* URLSessionExtension.swift in Sources */ = {isa = PBXBuildFile; fileRef = 7A6FCAD22137433E009F5690 /* URLSessionExtension.swift */; };
		7A6FCAD7213743DE009F5690 /* CloudKitManager.swift in Sources */ = {isa = PBXBuildFile; fileRef = 7A6FCAD6213743DE009F5690 /* CloudKitManager.swift */; };
		7A6FCAD8213743E6009F5690 /* CloudKitManager.swift in Sources */ = {isa = PBXBuildFile; fileRef = 7A6FCAD6213743DE009F5690 /* CloudKitManager.swift */; };
		7A6FCADB21374472009F5690 /* DefaultPreferences.plist in Resources */ = {isa = PBXBuildFile; fileRef = 7A6FCADA21374472009F5690 /* DefaultPreferences.plist */; };
		7A6FCADD213744F4009F5690 /* Defaults.swift in Sources */ = {isa = PBXBuildFile; fileRef = 7A6FCADC213744F4009F5690 /* Defaults.swift */; };
		7A6FCADE21374502009F5690 /* DefaultPreferences.plist in Resources */ = {isa = PBXBuildFile; fileRef = 7A6FCADA21374472009F5690 /* DefaultPreferences.plist */; };
		7A6FCADF21374539009F5690 /* Defaults.swift in Sources */ = {isa = PBXBuildFile; fileRef = 7A6FCADC213744F4009F5690 /* Defaults.swift */; };
		7A6FCAE42137506C009F5690 /* PokedexSpriteCell.swift in Sources */ = {isa = PBXBuildFile; fileRef = 7A6FCAE32137506C009F5690 /* PokedexSpriteCell.swift */; };
		7A6FCAEC2139B4AB009F5690 /* PokedexLabelCell.swift in Sources */ = {isa = PBXBuildFile; fileRef = 7A6FCAEB2139B4AB009F5690 /* PokedexLabelCell.swift */; };
		7A6FCAEE213B1305009F5690 /* PokemonSortDescriptors.swift in Sources */ = {isa = PBXBuildFile; fileRef = 7A6FCAED213B1305009F5690 /* PokemonSortDescriptors.swift */; };
		7A6FCAF0213B15EB009F5690 /* PokemonViewController.swift in Sources */ = {isa = PBXBuildFile; fileRef = 7A6FCAEF213B15EB009F5690 /* PokemonViewController.swift */; };
		7A6FCAF2213C4D30009F5690 /* PokedexSplitController.swift in Sources */ = {isa = PBXBuildFile; fileRef = 7A6FCAF1213C4D30009F5690 /* PokedexSplitController.swift */; };
		7AA054F521404BDA00D314CF /* VisionViewController.swift in Sources */ = {isa = PBXBuildFile; fileRef = 7AA054F421404BDA00D314CF /* VisionViewController.swift */; };
		7AA054F92140500A00D314CF /* PokemonModel.mlmodel in Sources */ = {isa = PBXBuildFile; fileRef = 7AA054F82140500A00D314CF /* PokemonModel.mlmodel */; };
		7AA054FC21406AD500D314CF /* PokedexCell.swift in Sources */ = {isa = PBXBuildFile; fileRef = 7AA054FB21406AD500D314CF /* PokedexCell.swift */; };
		7AA054FE21407F8E00D314CF /* PokedexDataModel.swift in Sources */ = {isa = PBXBuildFile; fileRef = 7AA054FD21407F8E00D314CF /* PokedexDataModel.swift */; };
		7AA054FF21407F8E00D314CF /* PokedexDataModel.swift in Sources */ = {isa = PBXBuildFile; fileRef = 7AA054FD21407F8E00D314CF /* PokedexDataModel.swift */; };
		7AA055002140821A00D314CF /* PokemonSortDescriptors.swift in Sources */ = {isa = PBXBuildFile; fileRef = 7A6FCAED213B1305009F5690 /* PokemonSortDescriptors.swift */; };
		7AA055022142F98200D314CF /* TabBarController.swift in Sources */ = {isa = PBXBuildFile; fileRef = 7AA055012142F98200D314CF /* TabBarController.swift */; };
		7AA055052142FB9000D314CF /* UITableViewCellExtension.swift in Sources */ = {isa = PBXBuildFile; fileRef = 7AA055042142FB9000D314CF /* UITableViewCellExtension.swift */; };
		7AA055122143250100D314CF /* Pokedex.sqlite in Resources */ = {isa = PBXBuildFile; fileRef = 7AA0550F2143250000D314CF /* Pokedex.sqlite */; };
		7AA055132143250100D314CF /* Pokedex.sqlite in Resources */ = {isa = PBXBuildFile; fileRef = 7AA0550F2143250000D314CF /* Pokedex.sqlite */; };
		7AA055142143250100D314CF /* Pokedex.sqlite-wal in Resources */ = {isa = PBXBuildFile; fileRef = 7AA055102143250000D314CF /* Pokedex.sqlite-wal */; };
		7AA055152143250100D314CF /* Pokedex.sqlite-wal in Resources */ = {isa = PBXBuildFile; fileRef = 7AA055102143250000D314CF /* Pokedex.sqlite-wal */; };
		7AA055162143250100D314CF /* Pokedex.sqlite-shm in Resources */ = {isa = PBXBuildFile; fileRef = 7AA055112143250000D314CF /* Pokedex.sqlite-shm */; };
		7AA055172143250100D314CF /* Pokedex.sqlite-shm in Resources */ = {isa = PBXBuildFile; fileRef = 7AA055112143250000D314CF /* Pokedex.sqlite-shm */; };
		7AA055192143A96C00D314CF /* PokedexScope.swift in Sources */ = {isa = PBXBuildFile; fileRef = 7AA055182143A96C00D314CF /* PokedexScope.swift */; };
		7AA0551A2143A96C00D314CF /* PokedexScope.swift in Sources */ = {isa = PBXBuildFile; fileRef = 7AA055182143A96C00D314CF /* PokedexScope.swift */; };
		7AA0551C214484B400D314CF /* PokemonViewController.swift in Sources */ = {isa = PBXBuildFile; fileRef = 7AA0551B214484B400D314CF /* PokemonViewController.swift */; };
		7AA0551F2144BB1800D314CF /* Typing.swift in Sources */ = {isa = PBXBuildFile; fileRef = 7AA0551E2144BB1800D314CF /* Typing.swift */; };
		7AA055202144BB1800D314CF /* Typing.swift in Sources */ = {isa = PBXBuildFile; fileRef = 7AA0551E2144BB1800D314CF /* Typing.swift */; };
		7AA055222145A50C00D314CF /* UICollectionViewCellExtension.swift in Sources */ = {isa = PBXBuildFile; fileRef = 7AA055212145A50C00D314CF /* UICollectionViewCellExtension.swift */; };
		7AA055242145AC8500D314CF /* FormCollectionCell.swift in Sources */ = {isa = PBXBuildFile; fileRef = 7AA055232145AC8500D314CF /* FormCollectionCell.swift */; };
		7AA055262145B72100D314CF /* TypeLabel.swift in Sources */ = {isa = PBXBuildFile; fileRef = 7AA055252145B72100D314CF /* TypeLabel.swift */; };
		7AA055282145B7AD00D314CF /* AbilityCell.swift in Sources */ = {isa = PBXBuildFile; fileRef = 7AA055272145B7AD00D314CF /* AbilityCell.swift */; };
		7AA0552A2145B7C500D314CF /* MoveCell.swift in Sources */ = {isa = PBXBuildFile; fileRef = 7AA055292145B7C500D314CF /* MoveCell.swift */; };
		7AA0552C2145B7CF00D314CF /* SegementCell.swift in Sources */ = {isa = PBXBuildFile; fileRef = 7AA0552B2145B7CF00D314CF /* SegementCell.swift */; };
		7AA0552F2145BD5800D314CF /* CollectionCell.swift in Sources */ = {isa = PBXBuildFile; fileRef = 7AA0552E2145BD5800D314CF /* CollectionCell.swift */; };
		7AA055312145BDB900D314CF /* PokemonSpriteCell.swift in Sources */ = {isa = PBXBuildFile; fileRef = 7AA055302145BDB900D314CF /* PokemonSpriteCell.swift */; };
		7AA055332146D2D800D314CF /* TypeCollectionCell.swift in Sources */ = {isa = PBXBuildFile; fileRef = 7AA055322146D2D800D314CF /* TypeCollectionCell.swift */; };
		7AA0553521481BF500D314CF /* CollectionViewCell.swift in Sources */ = {isa = PBXBuildFile; fileRef = 7AA0553421481BF500D314CF /* CollectionViewCell.swift */; };
		7AA0553721481D1000D314CF /* StatCell.swift in Sources */ = {isa = PBXBuildFile; fileRef = 7AA0553621481D1000D314CF /* StatCell.swift */; };
		7AA05539214825A000D314CF /* AbilityExtension.swift in Sources */ = {isa = PBXBuildFile; fileRef = 7AA05538214825A000D314CF /* AbilityExtension.swift */; };
		7AA0553A214825A500D314CF /* AbilityExtension.swift in Sources */ = {isa = PBXBuildFile; fileRef = 7AA05538214825A000D314CF /* AbilityExtension.swift */; };
		7AA0553C214829D400D314CF /* MoveExtension.swift in Sources */ = {isa = PBXBuildFile; fileRef = 7AA0553B214829D400D314CF /* MoveExtension.swift */; };
		7AA0553D214829D400D314CF /* MoveExtension.swift in Sources */ = {isa = PBXBuildFile; fileRef = 7AA0553B214829D400D314CF /* MoveExtension.swift */; };
		7AA0553F2148327700D314CF /* DamageClass.swift in Sources */ = {isa = PBXBuildFile; fileRef = 7AA0553E2148327700D314CF /* DamageClass.swift */; };
		7AA055402148327700D314CF /* DamageClass.swift in Sources */ = {isa = PBXBuildFile; fileRef = 7AA0553E2148327700D314CF /* DamageClass.swift */; };
		7AA055432148397300D314CF /* DamageClassExt.swift in Sources */ = {isa = PBXBuildFile; fileRef = 7AA055422148397300D314CF /* DamageClassExt.swift */; };
		7AA05548214839EF00D314CF /* DamageClassExt.swift in Sources */ = {isa = PBXBuildFile; fileRef = 7AA05547214839EF00D314CF /* DamageClassExt.swift */; };
		7AA0554A2148EEEA00D314CF /* DamageCalculator.swift in Sources */ = {isa = PBXBuildFile; fileRef = 7AA055492148EEEA00D314CF /* DamageCalculator.swift */; };
		7AA0554B2148EEEA00D314CF /* DamageCalculator.swift in Sources */ = {isa = PBXBuildFile; fileRef = 7AA055492148EEEA00D314CF /* DamageCalculator.swift */; };
		7AC9C15F214DBC2500C4A83E /* VideoViewController.swift in Sources */ = {isa = PBXBuildFile; fileRef = 7AC9C15E214DBC2500C4A83E /* VideoViewController.swift */; };
		7AE9633F2151749800FC9337 /* CGImageExtension.swift in Sources */ = {isa = PBXBuildFile; fileRef = 7AE9633E2151749800FC9337 /* CGImageExtension.swift */; };
/* End PBXBuildFile section */

/* Begin PBXFileReference section */
		7A6FCA8821372FC5009F5690 /* PokemonVGC.app */ = {isa = PBXFileReference; explicitFileType = wrapper.application; includeInIndex = 0; path = PokemonVGC.app; sourceTree = BUILT_PRODUCTS_DIR; };
		7A6FCA8B21372FC5009F5690 /* AppDelegate.swift */ = {isa = PBXFileReference; lastKnownFileType = sourcecode.swift; path = AppDelegate.swift; sourceTree = "<group>"; };
		7A6FCA8D21372FC5009F5690 /* PokedexiOSViewController.swift */ = {isa = PBXFileReference; lastKnownFileType = sourcecode.swift; path = PokedexiOSViewController.swift; sourceTree = "<group>"; };
		7A6FCA9021372FC5009F5690 /* Base */ = {isa = PBXFileReference; lastKnownFileType = file.storyboard; name = Base; path = Base.lproj/Main.storyboard; sourceTree = "<group>"; };
		7A6FCA9221372FC6009F5690 /* Assets.xcassets */ = {isa = PBXFileReference; lastKnownFileType = folder.assetcatalog; path = Assets.xcassets; sourceTree = "<group>"; };
		7A6FCA9521372FC6009F5690 /* Base */ = {isa = PBXFileReference; lastKnownFileType = file.storyboard; name = Base; path = Base.lproj/LaunchScreen.storyboard; sourceTree = "<group>"; };
		7A6FCA9721372FC6009F5690 /* Info.plist */ = {isa = PBXFileReference; lastKnownFileType = text.plist.xml; path = Info.plist; sourceTree = "<group>"; };
		7A6FCAA221372FFC009F5690 /* PokemonVGC_macOS.app */ = {isa = PBXFileReference; explicitFileType = wrapper.application; includeInIndex = 0; path = PokemonVGC_macOS.app; sourceTree = BUILT_PRODUCTS_DIR; };
		7A6FCAA421372FFC009F5690 /* AppDelegate.swift */ = {isa = PBXFileReference; lastKnownFileType = sourcecode.swift; path = AppDelegate.swift; sourceTree = "<group>"; };
		7A6FCAA621372FFC009F5690 /* PokedexViewController.swift */ = {isa = PBXFileReference; lastKnownFileType = sourcecode.swift; path = PokedexViewController.swift; sourceTree = "<group>"; };
		7A6FCAA821372FFD009F5690 /* Assets.xcassets */ = {isa = PBXFileReference; lastKnownFileType = folder.assetcatalog; path = Assets.xcassets; sourceTree = "<group>"; };
		7A6FCAAB21372FFD009F5690 /* Base */ = {isa = PBXFileReference; lastKnownFileType = file.storyboard; name = Base; path = Base.lproj/Main.storyboard; sourceTree = "<group>"; };
		7A6FCAAD21372FFD009F5690 /* Info.plist */ = {isa = PBXFileReference; lastKnownFileType = text.plist.xml; path = Info.plist; sourceTree = "<group>"; };
		7A6FCAAE21372FFD009F5690 /* PokemonVGC_macOS.entitlements */ = {isa = PBXFileReference; lastKnownFileType = text.plist.entitlements; path = PokemonVGC_macOS.entitlements; sourceTree = "<group>"; };
		7A6FCAB52137327B009F5690 /* PokemonIVExtension.swift */ = {isa = PBXFileReference; fileEncoding = 4; lastKnownFileType = sourcecode.swift; path = PokemonIVExtension.swift; sourceTree = "<group>"; };
		7A6FCAB72137327B009F5690 /* Pokedex.xcdatamodel */ = {isa = PBXFileReference; lastKnownFileType = wrapper.xcdatamodel; path = Pokedex.xcdatamodel; sourceTree = "<group>"; };
		7A6FCAB82137327B009F5690 /* PokemonSpeciesExtension.swift */ = {isa = PBXFileReference; fileEncoding = 4; lastKnownFileType = sourcecode.swift; path = PokemonSpeciesExtension.swift; sourceTree = "<group>"; };
		7A6FCAB92137327B009F5690 /* TeamPokemonExtension.swift */ = {isa = PBXFileReference; fileEncoding = 4; lastKnownFileType = sourcecode.swift; path = TeamPokemonExtension.swift; sourceTree = "<group>"; };
		7A6FCABA2137327B009F5690 /* PokemonExtension.swift */ = {isa = PBXFileReference; fileEncoding = 4; lastKnownFileType = sourcecode.swift; path = PokemonExtension.swift; sourceTree = "<group>"; };
		7A6FCABB2137327B009F5690 /* StatExtension.swift */ = {isa = PBXFileReference; fileEncoding = 4; lastKnownFileType = sourcecode.swift; path = StatExtension.swift; sourceTree = "<group>"; };
		7A6FCAC3213732E0009F5690 /* String Extension.swift */ = {isa = PBXFileReference; fileEncoding = 4; lastKnownFileType = sourcecode.swift; path = "String Extension.swift"; sourceTree = "<group>"; };
		7A6FCAC521373F65009F5690 /* CoreDataManager.swift */ = {isa = PBXFileReference; lastKnownFileType = sourcecode.swift; path = CoreDataManager.swift; sourceTree = "<group>"; };
		7A6FCAC72137420A009F5690 /* Entity.swift */ = {isa = PBXFileReference; fileEncoding = 4; lastKnownFileType = sourcecode.swift; path = Entity.swift; sourceTree = "<group>"; };
		7A6FCAD22137433E009F5690 /* URLSessionExtension.swift */ = {isa = PBXFileReference; lastKnownFileType = sourcecode.swift; path = URLSessionExtension.swift; sourceTree = "<group>"; };
		7A6FCAD6213743DE009F5690 /* CloudKitManager.swift */ = {isa = PBXFileReference; lastKnownFileType = sourcecode.swift; path = CloudKitManager.swift; sourceTree = "<group>"; };
		7A6FCADA21374472009F5690 /* DefaultPreferences.plist */ = {isa = PBXFileReference; fileEncoding = 4; lastKnownFileType = text.plist.xml; path = DefaultPreferences.plist; sourceTree = "<group>"; };
		7A6FCADC213744F4009F5690 /* Defaults.swift */ = {isa = PBXFileReference; lastKnownFileType = sourcecode.swift; path = Defaults.swift; sourceTree = "<group>"; };
		7A6FCAE32137506C009F5690 /* PokedexSpriteCell.swift */ = {isa = PBXFileReference; lastKnownFileType = sourcecode.swift; path = PokedexSpriteCell.swift; sourceTree = "<group>"; };
		7A6FCAEB2139B4AB009F5690 /* PokedexLabelCell.swift */ = {isa = PBXFileReference; lastKnownFileType = sourcecode.swift; path = PokedexLabelCell.swift; sourceTree = "<group>"; };
		7A6FCAED213B1305009F5690 /* PokemonSortDescriptors.swift */ = {isa = PBXFileReference; lastKnownFileType = sourcecode.swift; path = PokemonSortDescriptors.swift; sourceTree = "<group>"; };
		7A6FCAEF213B15EB009F5690 /* PokemonViewController.swift */ = {isa = PBXFileReference; lastKnownFileType = sourcecode.swift; path = PokemonViewController.swift; sourceTree = "<group>"; };
		7A6FCAF1213C4D30009F5690 /* PokedexSplitController.swift */ = {isa = PBXFileReference; lastKnownFileType = sourcecode.swift; path = PokedexSplitController.swift; sourceTree = "<group>"; };
		7AA054F421404BDA00D314CF /* VisionViewController.swift */ = {isa = PBXFileReference; lastKnownFileType = sourcecode.swift; path = VisionViewController.swift; sourceTree = "<group>"; };
		7AA054F82140500A00D314CF /* PokemonModel.mlmodel */ = {isa = PBXFileReference; lastKnownFileType = file.mlmodel; path = PokemonModel.mlmodel; sourceTree = "<group>"; };
		7AA054FB21406AD500D314CF /* PokedexCell.swift */ = {isa = PBXFileReference; lastKnownFileType = sourcecode.swift; path = PokedexCell.swift; sourceTree = "<group>"; };
		7AA054FD21407F8E00D314CF /* PokedexDataModel.swift */ = {isa = PBXFileReference; lastKnownFileType = sourcecode.swift; path = PokedexDataModel.swift; sourceTree = "<group>"; };
		7AA055012142F98200D314CF /* TabBarController.swift */ = {isa = PBXFileReference; lastKnownFileType = sourcecode.swift; path = TabBarController.swift; sourceTree = "<group>"; };
		7AA055042142FB9000D314CF /* UITableViewCellExtension.swift */ = {isa = PBXFileReference; lastKnownFileType = sourcecode.swift; path = UITableViewCellExtension.swift; sourceTree = "<group>"; };
		7AA0550F2143250000D314CF /* Pokedex.sqlite */ = {isa = PBXFileReference; lastKnownFileType = file; path = Pokedex.sqlite; sourceTree = "<group>"; };
		7AA055102143250000D314CF /* Pokedex.sqlite-wal */ = {isa = PBXFileReference; fileEncoding = 4; lastKnownFileType = text; path = "Pokedex.sqlite-wal"; sourceTree = "<group>"; };
		7AA055112143250000D314CF /* Pokedex.sqlite-shm */ = {isa = PBXFileReference; lastKnownFileType = file; path = "Pokedex.sqlite-shm"; sourceTree = "<group>"; };
		7AA055182143A96C00D314CF /* PokedexScope.swift */ = {isa = PBXFileReference; lastKnownFileType = sourcecode.swift; path = PokedexScope.swift; sourceTree = "<group>"; };
		7AA0551B214484B400D314CF /* PokemonViewController.swift */ = {isa = PBXFileReference; lastKnownFileType = sourcecode.swift; path = PokemonViewController.swift; sourceTree = "<group>"; };
		7AA0551E2144BB1800D314CF /* Typing.swift */ = {isa = PBXFileReference; fileEncoding = 4; lastKnownFileType = sourcecode.swift; path = Typing.swift; sourceTree = "<group>"; };
		7AA055212145A50C00D314CF /* UICollectionViewCellExtension.swift */ = {isa = PBXFileReference; lastKnownFileType = sourcecode.swift; path = UICollectionViewCellExtension.swift; sourceTree = "<group>"; };
		7AA055232145AC8500D314CF /* FormCollectionCell.swift */ = {isa = PBXFileReference; lastKnownFileType = sourcecode.swift; path = FormCollectionCell.swift; sourceTree = "<group>"; };
		7AA055252145B72100D314CF /* TypeLabel.swift */ = {isa = PBXFileReference; fileEncoding = 4; lastKnownFileType = sourcecode.swift; path = TypeLabel.swift; sourceTree = "<group>"; };
		7AA055272145B7AD00D314CF /* AbilityCell.swift */ = {isa = PBXFileReference; lastKnownFileType = sourcecode.swift; path = AbilityCell.swift; sourceTree = "<group>"; };
		7AA055292145B7C500D314CF /* MoveCell.swift */ = {isa = PBXFileReference; lastKnownFileType = sourcecode.swift; path = MoveCell.swift; sourceTree = "<group>"; };
		7AA0552B2145B7CF00D314CF /* SegementCell.swift */ = {isa = PBXFileReference; lastKnownFileType = sourcecode.swift; path = SegementCell.swift; sourceTree = "<group>"; };
		7AA0552E2145BD5800D314CF /* CollectionCell.swift */ = {isa = PBXFileReference; lastKnownFileType = sourcecode.swift; path = CollectionCell.swift; sourceTree = "<group>"; };
		7AA055302145BDB900D314CF /* PokemonSpriteCell.swift */ = {isa = PBXFileReference; lastKnownFileType = sourcecode.swift; path = PokemonSpriteCell.swift; sourceTree = "<group>"; };
		7AA055322146D2D800D314CF /* TypeCollectionCell.swift */ = {isa = PBXFileReference; lastKnownFileType = sourcecode.swift; path = TypeCollectionCell.swift; sourceTree = "<group>"; };
		7AA0553421481BF500D314CF /* CollectionViewCell.swift */ = {isa = PBXFileReference; lastKnownFileType = sourcecode.swift; path = CollectionViewCell.swift; sourceTree = "<group>"; };
		7AA0553621481D1000D314CF /* StatCell.swift */ = {isa = PBXFileReference; lastKnownFileType = sourcecode.swift; path = StatCell.swift; sourceTree = "<group>"; };
		7AA05538214825A000D314CF /* AbilityExtension.swift */ = {isa = PBXFileReference; lastKnownFileType = sourcecode.swift; path = AbilityExtension.swift; sourceTree = "<group>"; };
		7AA0553B214829D400D314CF /* MoveExtension.swift */ = {isa = PBXFileReference; lastKnownFileType = sourcecode.swift; path = MoveExtension.swift; sourceTree = "<group>"; };
		7AA0553E2148327700D314CF /* DamageClass.swift */ = {isa = PBXFileReference; lastKnownFileType = sourcecode.swift; path = DamageClass.swift; sourceTree = "<group>"; };
		7AA055422148397300D314CF /* DamageClassExt.swift */ = {isa = PBXFileReference; lastKnownFileType = sourcecode.swift; path = DamageClassExt.swift; sourceTree = "<group>"; };
		7AA05547214839EF00D314CF /* DamageClassExt.swift */ = {isa = PBXFileReference; lastKnownFileType = sourcecode.swift; path = DamageClassExt.swift; sourceTree = "<group>"; };
		7AA055492148EEEA00D314CF /* DamageCalculator.swift */ = {isa = PBXFileReference; lastKnownFileType = sourcecode.swift; path = DamageCalculator.swift; sourceTree = "<group>"; };
		7AC9C15E214DBC2500C4A83E /* VideoViewController.swift */ = {isa = PBXFileReference; lastKnownFileType = sourcecode.swift; path = VideoViewController.swift; sourceTree = "<group>"; };
		7AE9633E2151749800FC9337 /* CGImageExtension.swift */ = {isa = PBXFileReference; lastKnownFileType = sourcecode.swift; path = CGImageExtension.swift; sourceTree = "<group>"; };
/* End PBXFileReference section */

/* Begin PBXFrameworksBuildPhase section */
		7A6FCA8521372FC5009F5690 /* Frameworks */ = {
			isa = PBXFrameworksBuildPhase;
			buildActionMask = 2147483647;
			files = (
			);
			runOnlyForDeploymentPostprocessing = 0;
		};
		7A6FCA9F21372FFC009F5690 /* Frameworks */ = {
			isa = PBXFrameworksBuildPhase;
			buildActionMask = 2147483647;
			files = (
			);
			runOnlyForDeploymentPostprocessing = 0;
		};
/* End PBXFrameworksBuildPhase section */

/* Begin PBXGroup section */
		7A6FCA7F21372FC5009F5690 = {
			isa = PBXGroup;
			children = (
				7A6FCA8A21372FC5009F5690 /* PokemonVGC */,
				7A6FCAA321372FFC009F5690 /* PokemonVGC_macOS */,
				7A6FCAB221373003009F5690 /* Shared */,
				7A6FCA8921372FC5009F5690 /* Products */,
			);
			sourceTree = "<group>";
		};
		7A6FCA8921372FC5009F5690 /* Products */ = {
			isa = PBXGroup;
			children = (
				7A6FCA8821372FC5009F5690 /* PokemonVGC.app */,
				7A6FCAA221372FFC009F5690 /* PokemonVGC_macOS.app */,
			);
			name = Products;
			sourceTree = "<group>";
		};
		7A6FCA8A21372FC5009F5690 /* PokemonVGC */ = {
			isa = PBXGroup;
			children = (
				7A6FCA8B21372FC5009F5690 /* AppDelegate.swift */,
				7AA0552D2145BC4C00D314CF /* Views */,
				7AA054F321404BB300D314CF /* Controllers */,
				7AA055032142FB6B00D314CF /* UIKit Extensions */,
				7AA055412148395500D314CF /* Pokemon Enum Extensions */,
				7A6FCA9221372FC6009F5690 /* Assets.xcassets */,
				7AA054F82140500A00D314CF /* PokemonModel.mlmodel */,
				7A6FCA9421372FC6009F5690 /* LaunchScreen.storyboard */,
				7A6FCA9721372FC6009F5690 /* Info.plist */,
			);
			path = PokemonVGC;
			sourceTree = "<group>";
		};
		7A6FCAA321372FFC009F5690 /* PokemonVGC_macOS */ = {
			isa = PBXGroup;
			children = (
				7A6FCAA421372FFC009F5690 /* AppDelegate.swift */,
				7AA05545214839C400D314CF /* Views */,
				7A6FCAE021375049009F5690 /* Controllers */,
				7AA05546214839D400D314CF /* Pokemon Enum Extensions */,
				7A6FCAA821372FFD009F5690 /* Assets.xcassets */,
				7A6FCAAD21372FFD009F5690 /* Info.plist */,
				7A6FCAAE21372FFD009F5690 /* PokemonVGC_macOS.entitlements */,
			);
			path = PokemonVGC_macOS;
			sourceTree = "<group>";
		};
		7A6FCAB221373003009F5690 /* Shared */ = {
			isa = PBXGroup;
			children = (
				7AA054FD21407F8E00D314CF /* PokedexDataModel.swift */,
				7A6FCAED213B1305009F5690 /* PokemonSortDescriptors.swift */,
				7AA055182143A96C00D314CF /* PokedexScope.swift */,
				7AA055492148EEEA00D314CF /* DamageCalculator.swift */,
				7A6FCAC221373292009F5690 /* Apple Class Extensions */,
				7AA0551D2144B77300D314CF /* Pokemon Enums */,
				7A6FCAB321373014009F5690 /* Model */,
			);
			path = Shared;
			sourceTree = "<group>";
		};
		7A6FCAB321373014009F5690 /* Model */ = {
			isa = PBXGroup;
			children = (
				7A6FCAD92137445C009F5690 /* UserDefaults */,
				7A6FCAD5213743CC009F5690 /* CloudKit */,
				7A6FCAB4213731F3009F5690 /* CoreData */,
			);
			path = Model;
			sourceTree = "<group>";
		};
		7A6FCAB4213731F3009F5690 /* CoreData */ = {
			isa = PBXGroup;
			children = (
				7AA0550F2143250000D314CF /* Pokedex.sqlite */,
				7AA055112143250000D314CF /* Pokedex.sqlite-shm */,
				7AA055102143250000D314CF /* Pokedex.sqlite-wal */,
				7A6FCAC72137420A009F5690 /* Entity.swift */,
				7A6FCAC521373F65009F5690 /* CoreDataManager.swift */,
				7A6FCAB62137327B009F5690 /* Pokedex.xcdatamodeld */,
				7AA05538214825A000D314CF /* AbilityExtension.swift */,
				7A6FCABA2137327B009F5690 /* PokemonExtension.swift */,
				7A6FCAB52137327B009F5690 /* PokemonIVExtension.swift */,
				7A6FCAB82137327B009F5690 /* PokemonSpeciesExtension.swift */,
				7A6FCABB2137327B009F5690 /* StatExtension.swift */,
				7A6FCAB92137327B009F5690 /* TeamPokemonExtension.swift */,
				7AA0553B214829D400D314CF /* MoveExtension.swift */,
			);
			path = CoreData;
			sourceTree = "<group>";
		};
		7A6FCAC221373292009F5690 /* Apple Class Extensions */ = {
			isa = PBXGroup;
			children = (
				7A6FCAC3213732E0009F5690 /* String Extension.swift */,
				7A6FCAD22137433E009F5690 /* URLSessionExtension.swift */,
			);
			path = "Apple Class Extensions";
			sourceTree = "<group>";
		};
		7A6FCAD5213743CC009F5690 /* CloudKit */ = {
			isa = PBXGroup;
			children = (
				7A6FCAD6213743DE009F5690 /* CloudKitManager.swift */,
			);
			path = CloudKit;
			sourceTree = "<group>";
		};
		7A6FCAD92137445C009F5690 /* UserDefaults */ = {
			isa = PBXGroup;
			children = (
				7A6FCADA21374472009F5690 /* DefaultPreferences.plist */,
				7A6FCADC213744F4009F5690 /* Defaults.swift */,
			);
			path = UserDefaults;
			sourceTree = "<group>";
		};
		7A6FCAE021375049009F5690 /* Controllers */ = {
			isa = PBXGroup;
			children = (
				7A6FCAE121375059009F5690 /* Pokedex */,
			);
			path = Controllers;
			sourceTree = "<group>";
		};
		7A6FCAE121375059009F5690 /* Pokedex */ = {
			isa = PBXGroup;
			children = (
				7A6FCAF1213C4D30009F5690 /* PokedexSplitController.swift */,
				7A6FCAA621372FFC009F5690 /* PokedexViewController.swift */,
				7A6FCAEF213B15EB009F5690 /* PokemonViewController.swift */,
			);
			path = Pokedex;
			sourceTree = "<group>";
		};
		7A6FCAE22137505F009F5690 /* Cells */ = {
			isa = PBXGroup;
			children = (
				7A6FCAE32137506C009F5690 /* PokedexSpriteCell.swift */,
				7A6FCAEB2139B4AB009F5690 /* PokedexLabelCell.swift */,
			);
			path = Cells;
			sourceTree = "<group>";
		};
		7AA054F321404BB300D314CF /* Controllers */ = {
			isa = PBXGroup;
			children = (
				7AA055012142F98200D314CF /* TabBarController.swift */,
				7A6FCA8D21372FC5009F5690 /* PokedexiOSViewController.swift */,
				7AA0551B214484B400D314CF /* PokemonViewController.swift */,
				7AC9C15E214DBC2500C4A83E /* VideoViewController.swift */,
				7AA054F421404BDA00D314CF /* VisionViewController.swift */,
			);
			path = Controllers;
			sourceTree = "<group>";
		};
		7AA054FA21406A1C00D314CF /* Cells */ = {
			isa = PBXGroup;
			children = (
				7AA054FB21406AD500D314CF /* PokedexCell.swift */,
				7AA055232145AC8500D314CF /* FormCollectionCell.swift */,
				7AA055272145B7AD00D314CF /* AbilityCell.swift */,
				7AA055292145B7C500D314CF /* MoveCell.swift */,
				7AA0552B2145B7CF00D314CF /* SegementCell.swift */,
				7AA0552E2145BD5800D314CF /* CollectionCell.swift */,
				7AA055302145BDB900D314CF /* PokemonSpriteCell.swift */,
				7AA055322146D2D800D314CF /* TypeCollectionCell.swift */,
				7AA0553421481BF500D314CF /* CollectionViewCell.swift */,
				7AA0553621481D1000D314CF /* StatCell.swift */,
			);
			path = Cells;
			sourceTree = "<group>";
		};
		7AA055032142FB6B00D314CF /* UIKit Extensions */ = {
			isa = PBXGroup;
			children = (
				7AA055042142FB9000D314CF /* UITableViewCellExtension.swift */,
				7AA055212145A50C00D314CF /* UICollectionViewCellExtension.swift */,
				7AE9633E2151749800FC9337 /* CGImageExtension.swift */,
			);
			path = "UIKit Extensions";
			sourceTree = "<group>";
		};
		7AA0551D2144B77300D314CF /* Pokemon Enums */ = {
			isa = PBXGroup;
			children = (
				7AA0551E2144BB1800D314CF /* Typing.swift */,
				7AA0553E2148327700D314CF /* DamageClass.swift */,
			);
			path = "Pokemon Enums";
			sourceTree = "<group>";
		};
		7AA0552D2145BC4C00D314CF /* Views */ = {
			isa = PBXGroup;
			children = (
				7A6FCA8F21372FC5009F5690 /* Main.storyboard */,
				7AA055252145B72100D314CF /* TypeLabel.swift */,
				7AA054FA21406A1C00D314CF /* Cells */,
			);
			path = Views;
			sourceTree = "<group>";
		};
		7AA055412148395500D314CF /* Pokemon Enum Extensions */ = {
			isa = PBXGroup;
			children = (
				7AA055422148397300D314CF /* DamageClassExt.swift */,
			);
			path = "Pokemon Enum Extensions";
			sourceTree = "<group>";
		};
		7AA05545214839C400D314CF /* Views */ = {
			isa = PBXGroup;
			children = (
				7A6FCAAA21372FFD009F5690 /* Main.storyboard */,
				7A6FCAE22137505F009F5690 /* Cells */,
			);
			path = Views;
			sourceTree = "<group>";
		};
		7AA05546214839D400D314CF /* Pokemon Enum Extensions */ = {
			isa = PBXGroup;
			children = (
				7AA05547214839EF00D314CF /* DamageClassExt.swift */,
			);
			path = "Pokemon Enum Extensions";
			sourceTree = "<group>";
		};
/* End PBXGroup section */

/* Begin PBXNativeTarget section */
		7A6FCA8721372FC5009F5690 /* PokemonVGC */ = {
			isa = PBXNativeTarget;
			buildConfigurationList = 7A6FCA9A21372FC6009F5690 /* Build configuration list for PBXNativeTarget "PokemonVGC" */;
			buildPhases = (
				7A6FCA8421372FC5009F5690 /* Sources */,
				7A6FCA8521372FC5009F5690 /* Frameworks */,
				7A6FCA8621372FC5009F5690 /* Resources */,
			);
			buildRules = (
			);
			dependencies = (
			);
			name = PokemonVGC;
			productName = PokemonVGC;
			productReference = 7A6FCA8821372FC5009F5690 /* PokemonVGC.app */;
			productType = "com.apple.product-type.application";
		};
		7A6FCAA121372FFC009F5690 /* PokemonVGC_macOS */ = {
			isa = PBXNativeTarget;
			buildConfigurationList = 7A6FCAAF21372FFD009F5690 /* Build configuration list for PBXNativeTarget "PokemonVGC_macOS" */;
			buildPhases = (
				7A6FCA9E21372FFC009F5690 /* Sources */,
				7A6FCA9F21372FFC009F5690 /* Frameworks */,
				7A6FCAA021372FFC009F5690 /* Resources */,
			);
			buildRules = (
			);
			dependencies = (
			);
			name = PokemonVGC_macOS;
			productName = PokemonVGC_macOS;
			productReference = 7A6FCAA221372FFC009F5690 /* PokemonVGC_macOS.app */;
			productType = "com.apple.product-type.application";
		};
/* End PBXNativeTarget section */

/* Begin PBXProject section */
		7A6FCA8021372FC5009F5690 /* Project object */ = {
			isa = PBXProject;
			attributes = {
				LastSwiftUpdateCheck = 1000;
				LastUpgradeCheck = 1000;
				ORGANIZATIONNAME = "Nick Cracchiolo";
				TargetAttributes = {
					7A6FCA8721372FC5009F5690 = {
						CreatedOnToolsVersion = 10.0;
					};
					7A6FCAA121372FFC009F5690 = {
						CreatedOnToolsVersion = 10.0;
					};
				};
			};
			buildConfigurationList = 7A6FCA8321372FC5009F5690 /* Build configuration list for PBXProject "PokemonVGC" */;
			compatibilityVersion = "Xcode 9.3";
			developmentRegion = en;
			hasScannedForEncodings = 0;
			knownRegions = (
				en,
				Base,
			);
			mainGroup = 7A6FCA7F21372FC5009F5690;
			productRefGroup = 7A6FCA8921372FC5009F5690 /* Products */;
			projectDirPath = "";
			projectRoot = "";
			targets = (
				7A6FCA8721372FC5009F5690 /* PokemonVGC */,
				7A6FCAA121372FFC009F5690 /* PokemonVGC_macOS */,
			);
		};
/* End PBXProject section */

/* Begin PBXResourcesBuildPhase section */
		7A6FCA8621372FC5009F5690 /* Resources */ = {
			isa = PBXResourcesBuildPhase;
			buildActionMask = 2147483647;
			files = (
				7A6FCA9621372FC6009F5690 /* LaunchScreen.storyboard in Resources */,
				7A6FCADB21374472009F5690 /* DefaultPreferences.plist in Resources */,
				7AA055122143250100D314CF /* Pokedex.sqlite in Resources */,
				7AA055142143250100D314CF /* Pokedex.sqlite-wal in Resources */,
				7AA055162143250100D314CF /* Pokedex.sqlite-shm in Resources */,
				7A6FCA9321372FC6009F5690 /* Assets.xcassets in Resources */,
				7A6FCA9121372FC5009F5690 /* Main.storyboard in Resources */,
			);
			runOnlyForDeploymentPostprocessing = 0;
		};
		7A6FCAA021372FFC009F5690 /* Resources */ = {
			isa = PBXResourcesBuildPhase;
			buildActionMask = 2147483647;
			files = (
				7A6FCAA921372FFD009F5690 /* Assets.xcassets in Resources */,
				7AA055172143250100D314CF /* Pokedex.sqlite-shm in Resources */,
				7A6FCAAC21372FFD009F5690 /* Main.storyboard in Resources */,
				7AA055152143250100D314CF /* Pokedex.sqlite-wal in Resources */,
				7AA055132143250100D314CF /* Pokedex.sqlite in Resources */,
				7A6FCADE21374502009F5690 /* DefaultPreferences.plist in Resources */,
			);
			runOnlyForDeploymentPostprocessing = 0;
		};
/* End PBXResourcesBuildPhase section */

/* Begin PBXSourcesBuildPhase section */
		7A6FCA8421372FC5009F5690 /* Sources */ = {
			isa = PBXSourcesBuildPhase;
			buildActionMask = 2147483647;
			files = (
				7A6FCABF2137327B009F5690 /* TeamPokemonExtension.swift in Sources */,
				7AA055222145A50C00D314CF /* UICollectionViewCellExtension.swift in Sources */,
				7AA0553521481BF500D314CF /* CollectionViewCell.swift in Sources */,
				7AA055312145BDB900D314CF /* PokemonSpriteCell.swift in Sources */,
				7A6FCADD213744F4009F5690 /* Defaults.swift in Sources */,
				7A6FCABD2137327B009F5690 /* Pokedex.xcdatamodeld in Sources */,
				7A6FCABE2137327B009F5690 /* PokemonSpeciesExtension.swift in Sources */,
				7AA0552C2145B7CF00D314CF /* SegementCell.swift in Sources */,
				7AA0552F2145BD5800D314CF /* CollectionCell.swift in Sources */,
				7A6FCAC02137327B009F5690 /* PokemonExtension.swift in Sources */,
				7AA0554A2148EEEA00D314CF /* DamageCalculator.swift in Sources */,
				7AA055432148397300D314CF /* DamageClassExt.swift in Sources */,
				7A6FCA8E21372FC5009F5690 /* PokedexiOSViewController.swift in Sources */,
				7AA054F92140500A00D314CF /* PokemonModel.mlmodel in Sources */,
				7AA05539214825A000D314CF /* AbilityExtension.swift in Sources */,
				7AC9C15F214DBC2500C4A83E /* VideoViewController.swift in Sources */,
				7AA054FC21406AD500D314CF /* PokedexCell.swift in Sources */,
				7AA0552A2145B7C500D314CF /* MoveCell.swift in Sources */,
				7AA055242145AC8500D314CF /* FormCollectionCell.swift in Sources */,
				7AA0551C214484B400D314CF /* PokemonViewController.swift in Sources */,
				7A6FCABC2137327B009F5690 /* PokemonIVExtension.swift in Sources */,
				7A6FCA8C21372FC5009F5690 /* AppDelegate.swift in Sources */,
				7A6FCAC82137420A009F5690 /* Entity.swift in Sources */,
				7AA055262145B72100D314CF /* TypeLabel.swift in Sources */,
				7A6FCAD32137433E009F5690 /* URLSessionExtension.swift in Sources */,
				7A6FCAC12137327B009F5690 /* StatExtension.swift in Sources */,
				7AA055022142F98200D314CF /* TabBarController.swift in Sources */,
				7A6FCAC621373F65009F5690 /* CoreDataManager.swift in Sources */,
				7A6FCAC4213732E0009F5690 /* String Extension.swift in Sources */,
				7AA054F521404BDA00D314CF /* VisionViewController.swift in Sources */,
				7AA0551F2144BB1800D314CF /* Typing.swift in Sources */,
				7AA0553721481D1000D314CF /* StatCell.swift in Sources */,
				7AA055282145B7AD00D314CF /* AbilityCell.swift in Sources */,
				7AA055192143A96C00D314CF /* PokedexScope.swift in Sources */,
				7AA055002140821A00D314CF /* PokemonSortDescriptors.swift in Sources */,
				7AA055332146D2D800D314CF /* TypeCollectionCell.swift in Sources */,
				7AA055052142FB9000D314CF /* UITableViewCellExtension.swift in Sources */,
				7AE9633F2151749800FC9337 /* CGImageExtension.swift in Sources */,
				7AA054FE21407F8E00D314CF /* PokedexDataModel.swift in Sources */,
				7AA0553C214829D400D314CF /* MoveExtension.swift in Sources */,
				7A6FCAD7213743DE009F5690 /* CloudKitManager.swift in Sources */,
				7AA0553F2148327700D314CF /* DamageClass.swift in Sources */,
			);
			runOnlyForDeploymentPostprocessing = 0;
		};
		7A6FCA9E21372FFC009F5690 /* Sources */ = {
			isa = PBXSourcesBuildPhase;
			buildActionMask = 2147483647;
			files = (
				7A6FCAD121374268009F5690 /* String Extension.swift in Sources */,
				7A6FCAEC2139B4AB009F5690 /* PokedexLabelCell.swift in Sources */,
				7A6FCADF21374539009F5690 /* Defaults.swift in Sources */,
				7AA0553A214825A500D314CF /* AbilityExtension.swift in Sources */,
				7A6FCAEE213B1305009F5690 /* PokemonSortDescriptors.swift in Sources */,
				7AA0554B2148EEEA00D314CF /* DamageCalculator.swift in Sources */,
				7AA054FF21407F8E00D314CF /* PokedexDataModel.swift in Sources */,
				7A6FCAF2213C4D30009F5690 /* PokedexSplitController.swift in Sources */,
				7AA055202144BB1800D314CF /* Typing.swift in Sources */,
				7AA0551A2143A96C00D314CF /* PokedexScope.swift in Sources */,
				7A6FCAF0213B15EB009F5690 /* PokemonViewController.swift in Sources */,
				7A6FCACD21374248009F5690 /* PokemonIVExtension.swift in Sources */,
				7A6FCAA721372FFC009F5690 /* PokedexViewController.swift in Sources */,
				7A6FCACE2137424C009F5690 /* PokemonSpeciesExtension.swift in Sources */,
				7A6FCAA521372FFC009F5690 /* AppDelegate.swift in Sources */,
				7A6FCACF21374252009F5690 /* StatExtension.swift in Sources */,
				7A6FCACA21374237009F5690 /* CoreDataManager.swift in Sources */,
				7A6FCAE42137506C009F5690 /* PokedexSpriteCell.swift in Sources */,
				7A6FCAC921374234009F5690 /* Entity.swift in Sources */,
				7AA0553D214829D400D314CF /* MoveExtension.swift in Sources */,
				7AA055402148327700D314CF /* DamageClass.swift in Sources */,
				7A6FCAD421374342009F5690 /* URLSessionExtension.swift in Sources */,
				7A6FCACC2137423E009F5690 /* Pokedex.xcdatamodeld in Sources */,
				7A6FCAD02137425B009F5690 /* TeamPokemonExtension.swift in Sources */,
				7A6FCACB2137423A009F5690 /* PokemonExtension.swift in Sources */,
				7A6FCAD8213743E6009F5690 /* CloudKitManager.swift in Sources */,
				7AA05548214839EF00D314CF /* DamageClassExt.swift in Sources */,
			);
			runOnlyForDeploymentPostprocessing = 0;
		};
/* End PBXSourcesBuildPhase section */

/* Begin PBXVariantGroup section */
		7A6FCA8F21372FC5009F5690 /* Main.storyboard */ = {
			isa = PBXVariantGroup;
			children = (
				7A6FCA9021372FC5009F5690 /* Base */,
			);
			name = Main.storyboard;
			sourceTree = "<group>";
		};
		7A6FCA9421372FC6009F5690 /* LaunchScreen.storyboard */ = {
			isa = PBXVariantGroup;
			children = (
				7A6FCA9521372FC6009F5690 /* Base */,
			);
			name = LaunchScreen.storyboard;
			sourceTree = "<group>";
		};
		7A6FCAAA21372FFD009F5690 /* Main.storyboard */ = {
			isa = PBXVariantGroup;
			children = (
				7A6FCAAB21372FFD009F5690 /* Base */,
			);
			name = Main.storyboard;
			sourceTree = "<group>";
		};
/* End PBXVariantGroup section */

/* Begin XCBuildConfiguration section */
		7A6FCA9821372FC6009F5690 /* Debug */ = {
			isa = XCBuildConfiguration;
			buildSettings = {
				ALWAYS_SEARCH_USER_PATHS = NO;
				CLANG_ANALYZER_NONNULL = YES;
				CLANG_ANALYZER_NUMBER_OBJECT_CONVERSION = YES_AGGRESSIVE;
				CLANG_CXX_LANGUAGE_STANDARD = "gnu++14";
				CLANG_CXX_LIBRARY = "libc++";
				CLANG_ENABLE_MODULES = YES;
				CLANG_ENABLE_OBJC_ARC = YES;
				CLANG_ENABLE_OBJC_WEAK = YES;
				CLANG_WARN_BLOCK_CAPTURE_AUTORELEASING = YES;
				CLANG_WARN_BOOL_CONVERSION = YES;
				CLANG_WARN_COMMA = YES;
				CLANG_WARN_CONSTANT_CONVERSION = YES;
				CLANG_WARN_DEPRECATED_OBJC_IMPLEMENTATIONS = YES;
				CLANG_WARN_DIRECT_OBJC_ISA_USAGE = YES_ERROR;
				CLANG_WARN_DOCUMENTATION_COMMENTS = YES;
				CLANG_WARN_EMPTY_BODY = YES;
				CLANG_WARN_ENUM_CONVERSION = YES;
				CLANG_WARN_INFINITE_RECURSION = YES;
				CLANG_WARN_INT_CONVERSION = YES;
				CLANG_WARN_NON_LITERAL_NULL_CONVERSION = YES;
				CLANG_WARN_OBJC_IMPLICIT_RETAIN_SELF = YES;
				CLANG_WARN_OBJC_LITERAL_CONVERSION = YES;
				CLANG_WARN_OBJC_ROOT_CLASS = YES_ERROR;
				CLANG_WARN_RANGE_LOOP_ANALYSIS = YES;
				CLANG_WARN_STRICT_PROTOTYPES = YES;
				CLANG_WARN_SUSPICIOUS_MOVE = YES;
				CLANG_WARN_UNGUARDED_AVAILABILITY = YES_AGGRESSIVE;
				CLANG_WARN_UNREACHABLE_CODE = YES;
				CLANG_WARN__DUPLICATE_METHOD_MATCH = YES;
				CODE_SIGN_IDENTITY = "iPhone Developer";
				COPY_PHASE_STRIP = NO;
				DEBUG_INFORMATION_FORMAT = dwarf;
				ENABLE_STRICT_OBJC_MSGSEND = YES;
				ENABLE_TESTABILITY = YES;
				GCC_C_LANGUAGE_STANDARD = gnu11;
				GCC_DYNAMIC_NO_PIC = NO;
				GCC_NO_COMMON_BLOCKS = YES;
				GCC_OPTIMIZATION_LEVEL = 0;
				GCC_PREPROCESSOR_DEFINITIONS = (
					"DEBUG=1",
					"$(inherited)",
				);
				GCC_WARN_64_TO_32_BIT_CONVERSION = YES;
				GCC_WARN_ABOUT_RETURN_TYPE = YES_ERROR;
				GCC_WARN_UNDECLARED_SELECTOR = YES;
				GCC_WARN_UNINITIALIZED_AUTOS = YES_AGGRESSIVE;
				GCC_WARN_UNUSED_FUNCTION = YES;
				GCC_WARN_UNUSED_VARIABLE = YES;
				IPHONEOS_DEPLOYMENT_TARGET = 12.0;
				MTL_ENABLE_DEBUG_INFO = INCLUDE_SOURCE;
				MTL_FAST_MATH = YES;
				ONLY_ACTIVE_ARCH = YES;
				SDKROOT = iphoneos;
				SWIFT_ACTIVE_COMPILATION_CONDITIONS = DEBUG;
				SWIFT_OPTIMIZATION_LEVEL = "-Onone";
			};
			name = Debug;
		};
		7A6FCA9921372FC6009F5690 /* Release */ = {
			isa = XCBuildConfiguration;
			buildSettings = {
				ALWAYS_SEARCH_USER_PATHS = NO;
				CLANG_ANALYZER_NONNULL = YES;
				CLANG_ANALYZER_NUMBER_OBJECT_CONVERSION = YES_AGGRESSIVE;
				CLANG_CXX_LANGUAGE_STANDARD = "gnu++14";
				CLANG_CXX_LIBRARY = "libc++";
				CLANG_ENABLE_MODULES = YES;
				CLANG_ENABLE_OBJC_ARC = YES;
				CLANG_ENABLE_OBJC_WEAK = YES;
				CLANG_WARN_BLOCK_CAPTURE_AUTORELEASING = YES;
				CLANG_WARN_BOOL_CONVERSION = YES;
				CLANG_WARN_COMMA = YES;
				CLANG_WARN_CONSTANT_CONVERSION = YES;
				CLANG_WARN_DEPRECATED_OBJC_IMPLEMENTATIONS = YES;
				CLANG_WARN_DIRECT_OBJC_ISA_USAGE = YES_ERROR;
				CLANG_WARN_DOCUMENTATION_COMMENTS = YES;
				CLANG_WARN_EMPTY_BODY = YES;
				CLANG_WARN_ENUM_CONVERSION = YES;
				CLANG_WARN_INFINITE_RECURSION = YES;
				CLANG_WARN_INT_CONVERSION = YES;
				CLANG_WARN_NON_LITERAL_NULL_CONVERSION = YES;
				CLANG_WARN_OBJC_IMPLICIT_RETAIN_SELF = YES;
				CLANG_WARN_OBJC_LITERAL_CONVERSION = YES;
				CLANG_WARN_OBJC_ROOT_CLASS = YES_ERROR;
				CLANG_WARN_RANGE_LOOP_ANALYSIS = YES;
				CLANG_WARN_STRICT_PROTOTYPES = YES;
				CLANG_WARN_SUSPICIOUS_MOVE = YES;
				CLANG_WARN_UNGUARDED_AVAILABILITY = YES_AGGRESSIVE;
				CLANG_WARN_UNREACHABLE_CODE = YES;
				CLANG_WARN__DUPLICATE_METHOD_MATCH = YES;
				CODE_SIGN_IDENTITY = "iPhone Developer";
				COPY_PHASE_STRIP = NO;
				DEBUG_INFORMATION_FORMAT = "dwarf-with-dsym";
				ENABLE_NS_ASSERTIONS = NO;
				ENABLE_STRICT_OBJC_MSGSEND = YES;
				GCC_C_LANGUAGE_STANDARD = gnu11;
				GCC_NO_COMMON_BLOCKS = YES;
				GCC_WARN_64_TO_32_BIT_CONVERSION = YES;
				GCC_WARN_ABOUT_RETURN_TYPE = YES_ERROR;
				GCC_WARN_UNDECLARED_SELECTOR = YES;
				GCC_WARN_UNINITIALIZED_AUTOS = YES_AGGRESSIVE;
				GCC_WARN_UNUSED_FUNCTION = YES;
				GCC_WARN_UNUSED_VARIABLE = YES;
				IPHONEOS_DEPLOYMENT_TARGET = 12.0;
				MTL_ENABLE_DEBUG_INFO = NO;
				MTL_FAST_MATH = YES;
				SDKROOT = iphoneos;
				SWIFT_COMPILATION_MODE = wholemodule;
				SWIFT_OPTIMIZATION_LEVEL = "-O";
				VALIDATE_PRODUCT = YES;
			};
			name = Release;
		};
		7A6FCA9B21372FC6009F5690 /* Debug */ = {
			isa = XCBuildConfiguration;
			buildSettings = {
				ASSETCATALOG_COMPILER_APPICON_NAME = AppIcon;
				CODE_SIGN_STYLE = Automatic;
				DEVELOPMENT_TEAM = 77TV63F6JF;
				INFOPLIST_FILE = PokemonVGC/Info.plist;
				IPHONEOS_DEPLOYMENT_TARGET = 12.0;
				LD_RUNPATH_SEARCH_PATHS = (
					"$(inherited)",
					"@executable_path/Frameworks",
				);
				PRODUCT_BUNDLE_IDENTIFIER = com.njc.app.PokemonVGC;
				PRODUCT_NAME = "$(TARGET_NAME)";
				SWIFT_VERSION = 4.2;
				TARGETED_DEVICE_FAMILY = "1,2";
			};
			name = Debug;
		};
		7A6FCA9C21372FC6009F5690 /* Release */ = {
			isa = XCBuildConfiguration;
			buildSettings = {
				ASSETCATALOG_COMPILER_APPICON_NAME = AppIcon;
				CODE_SIGN_STYLE = Automatic;
				DEVELOPMENT_TEAM = 77TV63F6JF;
				INFOPLIST_FILE = PokemonVGC/Info.plist;
				IPHONEOS_DEPLOYMENT_TARGET = 12.0;
				LD_RUNPATH_SEARCH_PATHS = (
					"$(inherited)",
					"@executable_path/Frameworks",
				);
				PRODUCT_BUNDLE_IDENTIFIER = com.njc.app.PokemonVGC;
				PRODUCT_NAME = "$(TARGET_NAME)";
				SWIFT_VERSION = 4.2;
				TARGETED_DEVICE_FAMILY = "1,2";
			};
			name = Release;
		};
		7A6FCAB021372FFD009F5690 /* Debug */ = {
			isa = XCBuildConfiguration;
			buildSettings = {
				ASSETCATALOG_COMPILER_APPICON_NAME = AppIcon;
				CODE_SIGN_ENTITLEMENTS = PokemonVGC_macOS/PokemonVGC_macOS.entitlements;
				CODE_SIGN_IDENTITY = "Mac Developer";
				CODE_SIGN_STYLE = Automatic;
				COMBINE_HIDPI_IMAGES = YES;
				DEVELOPMENT_TEAM = 77TV63F6JF;
				INFOPLIST_FILE = PokemonVGC_macOS/Info.plist;
				LD_RUNPATH_SEARCH_PATHS = (
					"$(inherited)",
					"@executable_path/../Frameworks",
				);
				MACOSX_DEPLOYMENT_TARGET = 10.11;
				PRODUCT_BUNDLE_IDENTIFIER = "com.njc.app.PokemonVGC-macOS";
				PRODUCT_NAME = "$(TARGET_NAME)";
				SDKROOT = macosx;
				SWIFT_VERSION = 4.2;
			};
			name = Debug;
		};
		7A6FCAB121372FFD009F5690 /* Release */ = {
			isa = XCBuildConfiguration;
			buildSettings = {
				ASSETCATALOG_COMPILER_APPICON_NAME = AppIcon;
				CODE_SIGN_ENTITLEMENTS = PokemonVGC_macOS/PokemonVGC_macOS.entitlements;
				CODE_SIGN_IDENTITY = "Mac Developer";
				CODE_SIGN_STYLE = Automatic;
				COMBINE_HIDPI_IMAGES = YES;
				DEVELOPMENT_TEAM = 77TV63F6JF;
				INFOPLIST_FILE = PokemonVGC_macOS/Info.plist;
				LD_RUNPATH_SEARCH_PATHS = (
					"$(inherited)",
					"@executable_path/../Frameworks",
				);
				MACOSX_DEPLOYMENT_TARGET = 10.11;
				PRODUCT_BUNDLE_IDENTIFIER = "com.njc.app.PokemonVGC-macOS";
				PRODUCT_NAME = "$(TARGET_NAME)";
				SDKROOT = macosx;
				SWIFT_VERSION = 4.2;
			};
			name = Release;
		};
/* End XCBuildConfiguration section */

/* Begin XCConfigurationList section */
		7A6FCA8321372FC5009F5690 /* Build configuration list for PBXProject "PokemonVGC" */ = {
			isa = XCConfigurationList;
			buildConfigurations = (
				7A6FCA9821372FC6009F5690 /* Debug */,
				7A6FCA9921372FC6009F5690 /* Release */,
			);
			defaultConfigurationIsVisible = 0;
			defaultConfigurationName = Release;
		};
		7A6FCA9A21372FC6009F5690 /* Build configuration list for PBXNativeTarget "PokemonVGC" */ = {
			isa = XCConfigurationList;
			buildConfigurations = (
				7A6FCA9B21372FC6009F5690 /* Debug */,
				7A6FCA9C21372FC6009F5690 /* Release */,
			);
			defaultConfigurationIsVisible = 0;
			defaultConfigurationName = Release;
		};
		7A6FCAAF21372FFD009F5690 /* Build configuration list for PBXNativeTarget "PokemonVGC_macOS" */ = {
			isa = XCConfigurationList;
			buildConfigurations = (
				7A6FCAB021372FFD009F5690 /* Debug */,
				7A6FCAB121372FFD009F5690 /* Release */,
			);
			defaultConfigurationIsVisible = 0;
			defaultConfigurationName = Release;
		};
/* End XCConfigurationList section */

/* Begin XCVersionGroup section */
		7A6FCAB62137327B009F5690 /* Pokedex.xcdatamodeld */ = {
			isa = XCVersionGroup;
			children = (
				7A6FCAB72137327B009F5690 /* Pokedex.xcdatamodel */,
			);
			currentVersion = 7A6FCAB72137327B009F5690 /* Pokedex.xcdatamodel */;
			path = Pokedex.xcdatamodeld;
			sourceTree = "<group>";
			versionGroupType = wrapper.xcdatamodel;
		};
/* End XCVersionGroup section */
	};
	rootObject = 7A6FCA8021372FC5009F5690 /* Project object */;
}
